// !$*UTF8*$!
{
	archiveVersion = 1;
	classes = {
	};
	objectVersion = 46;
	objects = {

/* Begin PBXBuildFile section */
		79BEB22F665634FE9133691B /* Pods_LiveWeatherApp.framework in Frameworks */ = {isa = PBXBuildFile; fileRef = 7BBAC519DC50A63D908C7F0D /* Pods_LiveWeatherApp.framework */; };
		7D178C961DC8CEA7007D5863 /* AppDelegate.swift in Sources */ = {isa = PBXBuildFile; fileRef = 7D178C951DC8CEA7007D5863 /* AppDelegate.swift */; };
		7D178C981DC8CEA7007D5863 /* WeatherVC.swift in Sources */ = {isa = PBXBuildFile; fileRef = 7D178C971DC8CEA7007D5863 /* WeatherVC.swift */; };
		7D178C9B1DC8CEA7007D5863 /* Main.storyboard in Resources */ = {isa = PBXBuildFile; fileRef = 7D178C991DC8CEA7007D5863 /* Main.storyboard */; };
		7D178C9E1DC8CEA7007D5863 /* LiveWeatherApp.xcdatamodeld in Sources */ = {isa = PBXBuildFile; fileRef = 7D178C9C1DC8CEA7007D5863 /* LiveWeatherApp.xcdatamodeld */; };
		7D178CA01DC8CEA7007D5863 /* Assets.xcassets in Resources */ = {isa = PBXBuildFile; fileRef = 7D178C9F1DC8CEA7007D5863 /* Assets.xcassets */; };
		7D178CA31DC8CEA7007D5863 /* LaunchScreen.storyboard in Resources */ = {isa = PBXBuildFile; fileRef = 7D178CA11DC8CEA7007D5863 /* LaunchScreen.storyboard */; };
/* End PBXBuildFile section */

/* Begin PBXFileReference section */
		3E3A580538F8164D38AA2B23 /* Pods-LiveWeatherApp.release.xcconfig */ = {isa = PBXFileReference; includeInIndex = 1; lastKnownFileType = text.xcconfig; name = "Pods-LiveWeatherApp.release.xcconfig"; path = "Pods/Target Support Files/Pods-LiveWeatherApp/Pods-LiveWeatherApp.release.xcconfig"; sourceTree = "<group>"; };
		4EF5287880ADDF36DB97513E /* Pods-LiveWeatherApp.debug.xcconfig */ = {isa = PBXFileReference; includeInIndex = 1; lastKnownFileType = text.xcconfig; name = "Pods-LiveWeatherApp.debug.xcconfig"; path = "Pods/Target Support Files/Pods-LiveWeatherApp/Pods-LiveWeatherApp.debug.xcconfig"; sourceTree = "<group>"; };
		7BBAC519DC50A63D908C7F0D /* Pods_LiveWeatherApp.framework */ = {isa = PBXFileReference; explicitFileType = wrapper.framework; includeInIndex = 0; path = Pods_LiveWeatherApp.framework; sourceTree = BUILT_PRODUCTS_DIR; };
		7D178C921DC8CEA7007D5863 /* LiveWeatherApp.app */ = {isa = PBXFileReference; explicitFileType = wrapper.application; includeInIndex = 0; path = LiveWeatherApp.app; sourceTree = BUILT_PRODUCTS_DIR; };
		7D178C951DC8CEA7007D5863 /* AppDelegate.swift */ = {isa = PBXFileReference; lastKnownFileType = sourcecode.swift; path = AppDelegate.swift; sourceTree = "<group>"; };
		7D178C971DC8CEA7007D5863 /* WeatherVC.swift */ = {isa = PBXFileReference; lastKnownFileType = sourcecode.swift; path = WeatherVC.swift; sourceTree = "<group>"; };
		7D178C9A1DC8CEA7007D5863 /* Base */ = {isa = PBXFileReference; lastKnownFileType = file.storyboard; name = Base; path = Base.lproj/Main.storyboard; sourceTree = "<group>"; };
		7D178C9D1DC8CEA7007D5863 /* LiveWeatherApp.xcdatamodel */ = {isa = PBXFileReference; lastKnownFileType = wrapper.xcdatamodel; path = LiveWeatherApp.xcdatamodel; sourceTree = "<group>"; };
		7D178C9F1DC8CEA7007D5863 /* Assets.xcassets */ = {isa = PBXFileReference; lastKnownFileType = folder.assetcatalog; path = Assets.xcassets; sourceTree = "<group>"; };
		7D178CA21DC8CEA7007D5863 /* Base */ = {isa = PBXFileReference; lastKnownFileType = file.storyboard; name = Base; path = Base.lproj/LaunchScreen.storyboard; sourceTree = "<group>"; };
		7D178CA41DC8CEA7007D5863 /* Info.plist */ = {isa = PBXFileReference; lastKnownFileType = text.plist.xml; path = Info.plist; sourceTree = "<group>"; };
/* End PBXFileReference section */

/* Begin PBXFrameworksBuildPhase section */
		7D178C8F1DC8CEA7007D5863 /* Frameworks */ = {
			isa = PBXFrameworksBuildPhase;
			buildActionMask = 2147483647;
			files = (
				79BEB22F665634FE9133691B /* Pods_LiveWeatherApp.framework in Frameworks */,
			);
			runOnlyForDeploymentPostprocessing = 0;
		};
/* End PBXFrameworksBuildPhase section */

/* Begin PBXGroup section */
		0763EA12BD679623EF14E272 /* Pods */ = {
			isa = PBXGroup;
			children = (
				4EF5287880ADDF36DB97513E /* Pods-LiveWeatherApp.debug.xcconfig */,
				3E3A580538F8164D38AA2B23 /* Pods-LiveWeatherApp.release.xcconfig */,
			);
			name = Pods;
			sourceTree = "<group>";
		};
		7D178C891DC8CEA7007D5863 = {
			isa = PBXGroup;
			children = (
				7D178C941DC8CEA7007D5863 /* LiveWeatherApp */,
				7D178C931DC8CEA7007D5863 /* Products */,
				0763EA12BD679623EF14E272 /* Pods */,
				AD68CCEDF8CBA60627F7A6B3 /* Frameworks */,
			);
			sourceTree = "<group>";
		};
		7D178C931DC8CEA7007D5863 /* Products */ = {
			isa = PBXGroup;
			children = (
				7D178C921DC8CEA7007D5863 /* LiveWeatherApp.app */,
			);
			name = Products;
			sourceTree = "<group>";
		};
		7D178C941DC8CEA7007D5863 /* LiveWeatherApp */ = {
			isa = PBXGroup;
			children = (
				7D178C951DC8CEA7007D5863 /* AppDelegate.swift */,
				7D178C971DC8CEA7007D5863 /* WeatherVC.swift */,
				7D178C991DC8CEA7007D5863 /* Main.storyboard */,
				7D178C9F1DC8CEA7007D5863 /* Assets.xcassets */,
				7D178CA11DC8CEA7007D5863 /* LaunchScreen.storyboard */,
				7D178CA41DC8CEA7007D5863 /* Info.plist */,
				7D178C9C1DC8CEA7007D5863 /* LiveWeatherApp.xcdatamodeld */,
			);
			path = LiveWeatherApp;
			sourceTree = "<group>";
		};
		AD68CCEDF8CBA60627F7A6B3 /* Frameworks */ = {
			isa = PBXGroup;
			children = (
				7BBAC519DC50A63D908C7F0D /* Pods_LiveWeatherApp.framework */,
			);
			name = Frameworks;
			sourceTree = "<group>";
		};
/* End PBXGroup section */

/* Begin PBXNativeTarget section */
		7D178C911DC8CEA7007D5863 /* LiveWeatherApp */ = {
			isa = PBXNativeTarget;
			buildConfigurationList = 7D178CA71DC8CEA7007D5863 /* Build configuration list for PBXNativeTarget "LiveWeatherApp" */;
			buildPhases = (
				5848B575D2B8D8A4476ABCD6 /* [CP] Check Pods Manifest.lock */,
				7D178C8E1DC8CEA7007D5863 /* Sources */,
				7D178C8F1DC8CEA7007D5863 /* Frameworks */,
				7D178C901DC8CEA7007D5863 /* Resources */,
				A8E9392A9F0F44AB18896E7A /* [CP] Embed Pods Frameworks */,
				957B9FFA731B8E83775191F8 /* [CP] Copy Pods Resources */,
			);
			buildRules = (
			);
			dependencies = (
			);
			name = LiveWeatherApp;
			productName = LiveWeatherApp;
			productReference = 7D178C921DC8CEA7007D5863 /* LiveWeatherApp.app */;
			productType = "com.apple.product-type.application";
		};
/* End PBXNativeTarget section */

/* Begin PBXProject section */
		7D178C8A1DC8CEA7007D5863 /* Project object */ = {
			isa = PBXProject;
			attributes = {
				LastSwiftUpdateCheck = 0800;
				LastUpgradeCheck = 0800;
				ORGANIZATIONNAME = "Darshan Gowda";
				TargetAttributes = {
					7D178C911DC8CEA7007D5863 = {
						CreatedOnToolsVersion = 8.0;
						ProvisioningStyle = Automatic;
					};
				};
			};
			buildConfigurationList = 7D178C8D1DC8CEA7007D5863 /* Build configuration list for PBXProject "LiveWeatherApp" */;
			compatibilityVersion = "Xcode 3.2";
			developmentRegion = English;
			hasScannedForEncodings = 0;
			knownRegions = (
				en,
				Base,
			);
			mainGroup = 7D178C891DC8CEA7007D5863;
			productRefGroup = 7D178C931DC8CEA7007D5863 /* Products */;
			projectDirPath = "";
			projectRoot = "";
			targets = (
				7D178C911DC8CEA7007D5863 /* LiveWeatherApp */,
			);
		};
/* End PBXProject section */

/* Begin PBXResourcesBuildPhase section */
		7D178C901DC8CEA7007D5863 /* Resources */ = {
			isa = PBXResourcesBuildPhase;
			buildActionMask = 2147483647;
			files = (
				7D178CA31DC8CEA7007D5863 /* LaunchScreen.storyboard in Resources */,
				7D178CA01DC8CEA7007D5863 /* Assets.xcassets in Resources */,
				7D178C9B1DC8CEA7007D5863 /* Main.storyboard in Resources */,
			);
			runOnlyForDeploymentPostprocessing = 0;
		};
/* End PBXResourcesBuildPhase section */

/* Begin PBXShellScriptBuildPhase section */
		5848B575D2B8D8A4476ABCD6 /* [CP] Check Pods Manifest.lock */ = {
			isa = PBXShellScriptBuildPhase;
			buildActionMask = 2147483647;
			files = (
			);
			inputPaths = (
			);
			name = "[CP] Check Pods Manifest.lock";
			outputPaths = (
			);
			runOnlyForDeploymentPostprocessing = 0;
			shellPath = /bin/sh;
			shellScript = "diff \"${PODS_ROOT}/../Podfile.lock\" \"${PODS_ROOT}/Manifest.lock\" > /dev/null\nif [ $? != 0 ] ; then\n    # print error to STDERR\n    echo \"error: The sandbox is not in sync with the Podfile.lock. Run 'pod install' or update your CocoaPods installation.\" >&2\n    exit 1\nfi\n";
			showEnvVarsInLog = 0;
		};
		957B9FFA731B8E83775191F8 /* [CP] Copy Pods Resources */ = {
			isa = PBXShellScriptBuildPhase;
			buildActionMask = 2147483647;
			files = (
			);
			inputPaths = (
			);
			name = "[CP] Copy Pods Resources";
			outputPaths = (
			);
			runOnlyForDeploymentPostprocessing = 0;
			shellPath = /bin/sh;
			shellScript = "\"${SRCROOT}/Pods/Target Support Files/Pods-LiveWeatherApp/Pods-LiveWeatherApp-resources.sh\"\n";
			showEnvVarsInLog = 0;
		};
		A8E9392A9F0F44AB18896E7A /* [CP] Embed Pods Frameworks */ = {
			isa = PBXShellScriptBuildPhase;
			buildActionMask = 2147483647;
			files = (
			);
			inputPaths = (
			);
			name = "[CP] Embed Pods Frameworks";
			outputPaths = (
			);
			runOnlyForDeploymentPostprocessing = 0;
			shellPath = /bin/sh;
			shellScript = "\"${SRCROOT}/Pods/Target Support Files/Pods-LiveWeatherApp/Pods-LiveWeatherApp-frameworks.sh\"\n";
			showEnvVarsInLog = 0;
		};
/* End PBXShellScriptBuildPhase section */

/* Begin PBXSourcesBuildPhase section */
		7D178C8E1DC8CEA7007D5863 /* Sources */ = {
			isa = PBXSourcesBuildPhase;
			buildActionMask = 2147483647;
			files = (
				7D178C981DC8CEA7007D5863 /* WeatherVC.swift in Sources */,
				7D178C961DC8CEA7007D5863 /* AppDelegate.swift in Sources */,
				7D178C9E1DC8CEA7007D5863 /* LiveWeatherApp.xcdatamodeld in Sources */,
			);
			runOnlyForDeploymentPostprocessing = 0;
		};
/* End PBXSourcesBuildPhase section */

/* Begin PBXVariantGroup section */
		7D178C991DC8CEA7007D5863 /* Main.storyboard */ = {
			isa = PBXVariantGroup;
			children = (
				7D178C9A1DC8CEA7007D5863 /* Base */,
			);
			name = Main.storyboard;
			sourceTree = "<group>";
		};
		7D178CA11DC8CEA7007D5863 /* LaunchScreen.storyboard */ = {
			isa = PBXVariantGroup;
			children = (
				7D178CA21DC8CEA7007D5863 /* Base */,
			);
			name = LaunchScreen.storyboard;
			sourceTree = "<group>";
		};
/* End PBXVariantGroup section */

/* Begin XCBuildConfiguration section */
		7D178CA51DC8CEA7007D5863 /* Debug */ = {
			isa = XCBuildConfiguration;
			buildSettings = {
				ALWAYS_SEARCH_USER_PATHS = NO;
				CLANG_ANALYZER_NONNULL = YES;
				CLANG_CXX_LANGUAGE_STANDARD = "gnu++0x";
				CLANG_CXX_LIBRARY = "libc++";
				CLANG_ENABLE_MODULES = YES;
				CLANG_ENABLE_OBJC_ARC = YES;
				CLANG_WARN_BOOL_CONVERSION = YES;
				CLANG_WARN_CONSTANT_CONVERSION = YES;
				CLANG_WARN_DIRECT_OBJC_ISA_USAGE = YES_ERROR;
				CLANG_WARN_DOCUMENTATION_COMMENTS = YES;
				CLANG_WARN_EMPTY_BODY = YES;
				CLANG_WARN_ENUM_CONVERSION = YES;
				CLANG_WARN_INFINITE_RECURSION = YES;
				CLANG_WARN_INT_CONVERSION = YES;
				CLANG_WARN_OBJC_ROOT_CLASS = YES_ERROR;
				CLANG_WARN_SUSPICIOUS_MOVES = YES;
				CLANG_WARN_UNREACHABLE_CODE = YES;
				CLANG_WARN__DUPLICATE_METHOD_MATCH = YES;
				"CODE_SIGN_IDENTITY[sdk=iphoneos*]" = "iPhone Developer";
				COPY_PHASE_STRIP = NO;
				DEBUG_INFORMATION_FORMAT = dwarf;
				ENABLE_STRICT_OBJC_MSGSEND = YES;
				ENABLE_TESTABILITY = YES;
				GCC_C_LANGUAGE_STANDARD = gnu99;
				GCC_DYNAMIC_NO_PIC = NO;
				GCC_NO_COMMON_BLOCKS = YES;
				GCC_OPTIMIZATION_LEVEL = 0;
				GCC_PREPROCESSOR_DEFINITIONS = (
					"DEBUG=1",
					"$(inherited)",
				);
				GCC_WARN_64_TO_32_BIT_CONVERSION = YES;
				GCC_WARN_ABOUT_RETURN_TYPE = YES_ERROR;
				GCC_WARN_UNDECLARED_SELECTOR = YES;
				GCC_WARN_UNINITIALIZED_AUTOS = YES_AGGRESSIVE;
				GCC_WARN_UNUSED_FUNCTION = YES;
				GCC_WARN_UNUSED_VARIABLE = YES;
				IPHONEOS_DEPLOYMENT_TARGET = 10.0;
				MTL_ENABLE_DEBUG_INFO = YES;
				ONLY_ACTIVE_ARCH = YES;
				SDKROOT = iphoneos;
				SWIFT_ACTIVE_COMPILATION_CONDITIONS = DEBUG;
				SWIFT_OPTIMIZATION_LEVEL = "-Onone";
				TARGETED_DEVICE_FAMILY = "1,2";
			};
			name = Debug;
		};
		7D178CA61DC8CEA7007D5863 /* Release */ = {
			isa = XCBuildConfiguration;
			buildSettings = {
				ALWAYS_SEARCH_USER_PATHS = NO;
				CLANG_ANALYZER_NONNULL = YES;
				CLANG_CXX_LANGUAGE_STANDARD = "gnu++0x";
				CLANG_CXX_LIBRARY = "libc++";
				CLANG_ENABLE_MODULES = YES;
				CLANG_ENABLE_OBJC_ARC = YES;
				CLANG_WARN_BOOL_CONVERSION = YES;
				CLANG_WARN_CONSTANT_CONVERSION = YES;
				CLANG_WARN_DIRECT_OBJC_ISA_USAGE = YES_ERROR;
				CLANG_WARN_DOCUMENTATION_COMMENTS = YES;
				CLANG_WARN_EMPTY_BODY = YES;
				CLANG_WARN_ENUM_CONVERSION = YES;
				CLANG_WARN_INFINITE_RECURSION = YES;
				CLANG_WARN_INT_CONVERSION = YES;
				CLANG_WARN_OBJC_ROOT_CLASS = YES_ERROR;
				CLANG_WARN_SUSPICIOUS_MOVES = YES;
				CLANG_WARN_UNREACHABLE_CODE = YES;
				CLANG_WARN__DUPLICATE_METHOD_MATCH = YES;
				"CODE_SIGN_IDENTITY[sdk=iphoneos*]" = "iPhone Developer";
				COPY_PHASE_STRIP = NO;
				DEBUG_INFORMATION_FORMAT = "dwarf-with-dsym";
				ENABLE_NS_ASSERTIONS = NO;
				ENABLE_STRICT_OBJC_MSGSEND = YES;
				GCC_C_LANGUAGE_STANDARD = gnu99;
				GCC_NO_COMMON_BLOCKS = YES;
				GCC_WARN_64_TO_32_BIT_CONVERSION = YES;
				GCC_WARN_ABOUT_RETURN_TYPE = YES_ERROR;
				GCC_WARN_UNDECLARED_SELECTOR = YES;
				GCC_WARN_UNINITIALIZED_AUTOS = YES_AGGRESSIVE;
				GCC_WARN_UNUSED_FUNCTION = YES;
				GCC_WARN_UNUSED_VARIABLE = YES;
				IPHONEOS_DEPLOYMENT_TARGET = 10.0;
				MTL_ENABLE_DEBUG_INFO = NO;
				SDKROOT = iphoneos;
				SWIFT_OPTIMIZATION_LEVEL = "-Owholemodule";
				TARGETED_DEVICE_FAMILY = "1,2";
				VALIDATE_PRODUCT = YES;
			};
			name = Release;
		};
		7D178CA81DC8CEA7007D5863 /* Debug */ = {
			isa = XCBuildConfiguration;
			baseConfigurationReference = 4EF5287880ADDF36DB97513E /* Pods-LiveWeatherApp.debug.xcconfig */;
			buildSettings = {
				ASSETCATALOG_COMPILER_APPICON_NAME = AppIcon;
				INFOPLIST_FILE = LiveWeatherApp/Info.plist;
				LD_RUNPATH_SEARCH_PATHS = "$(inherited) @executable_path/Frameworks";
				PRODUCT_BUNDLE_IDENTIFIER = com.darshan.LiveWeatherApp;
				PRODUCT_NAME = "$(TARGET_NAME)";
				SWIFT_VERSION = 3.0;
			};
			name = Debug;
		};
		7D178CA91DC8CEA7007D5863 /* Release */ = {
			isa = XCBuildConfiguration;
			baseConfigurationReference = 3E3A580538F8164D38AA2B23 /* Pods-LiveWeatherApp.release.xcconfig */;
			buildSettings = {
				ASSETCATALOG_COMPILER_APPICON_NAME = AppIcon;
				INFOPLIST_FILE = LiveWeatherApp/Info.plist;
				LD_RUNPATH_SEARCH_PATHS = "$(inherited) @executable_path/Frameworks";
				PRODUCT_BUNDLE_IDENTIFIER = com.darshan.LiveWeatherApp;
				PRODUCT_NAME = "$(TARGET_NAME)";
				SWIFT_VERSION = 3.0;
			};
			name = Release;
		};
/* End XCBuildConfiguration section */

/* Begin XCConfigurationList section */
		7D178C8D1DC8CEA7007D5863 /* Build configuration list for PBXProject "LiveWeatherApp" */ = {
			isa = XCConfigurationList;
			buildConfigurations = (
				7D178CA51DC8CEA7007D5863 /* Debug */,
				7D178CA61DC8CEA7007D5863 /* Release */,
			);
			defaultConfigurationIsVisible = 0;
			defaultConfigurationName = Release;
		};
		7D178CA71DC8CEA7007D5863 /* Build configuration list for PBXNativeTarget "LiveWeatherApp" */ = {
			isa = XCConfigurationList;
			buildConfigurations = (
				7D178CA81DC8CEA7007D5863 /* Debug */,
				7D178CA91DC8CEA7007D5863 /* Release */,
			);
			defaultConfigurationIsVisible = 0;
			defaultConfigurationName = Release;
		};
/* End XCConfigurationList section */

/* Begin XCVersionGroup section */
		7D178C9C1DC8CEA7007D5863 /* LiveWeatherApp.xcdatamodeld */ = {
			isa = XCVersionGroup;
			children = (
				7D178C9D1DC8CEA7007D5863 /* LiveWeatherApp.xcdatamodel */,
			);
			currentVersion = 7D178C9D1DC8CEA7007D5863 /* LiveWeatherApp.xcdatamodel */;
			path = LiveWeatherApp.xcdatamodeld;
			sourceTree = "<group>";
			versionGroupType = wrapper.xcdatamodel;
		};
/* End XCVersionGroup section */
	};
	rootObject = 7D178C8A1DC8CEA7007D5863 /* Project object */;
}
